# This file is autogenerated, do not edit; changes may be undone by the next 'dep ensure'.


[[projects]]
  branch = "release-branch.go1.11"
  name = "golang.org/x/net"
  packages = ["dns/dnsmessage"]
  revision = "c39426892332e1bb5ec0a434a079bf82f5d30c54"

[solve-meta]
  analyzer-name = "dep"
  analyzer-version = 1
  inputs-digest = "b642290bf9e8b7b2d1a018486a543173e93af669f1232cbfcb2b7d8e9044f84d"
  solver-name = "gps-cdcl"
  solver-version = 1
